{
  "name": "worker",
  "version": "1.0.0",
  "lockfileVersion": 1,
  "requires": true,
  "dependencies": {
    "dhis2-email-worker": {
      "version": "1.0.0",
      "requires": {
        "amqplib": "^0.5.3",
        "chalk": "^2.4.2",
        "dotenv": "^6.2.0",
        "es6-promisify": "^6.0.1",
        "html-to-text": "^4.0.0",
        "jest": "^24.1.0",
        "juice": "^5.1.0",
        "mysql2": "^1.6.4",
        "nodemailer": "^5.1.1",
        "ora": "^3.0.0",
        "pug": "^2.0.3",
        "sequelize": "^4.42.0",
        "winston": "^3.2.1"
      }
    },
    "dhis2-fail-queue-worker": {
      "version": "1.0.0",
      "requires": {
        "amqplib": "^0.5.3",
        "async": "^2.6.2",
        "axios": "^0.18.0",
        "chalk": "^2.4.2",
        "dotenv": "^6.2.0",
        "faker": "^4.1.0",
        "flow-bin": "^0.93.0",
        "moment": "^2.24.0",
        "mysql2": "^1.6.4",
        "sequelize": "^4.42.0",
        "winston": "^3.2.1"
      }
    },
    "dhis2-migration-worker": {
      "version": "1.0.0",
      "requires": {
        "amqplib": "^0.5.3",
        "async": "^2.6.2",
        "axios": "^0.18.0",
        "chalk": "^2.4.2",
        "dotenv": "^6.2.0",
        "lodash": "^4.17.11",
        "moment": "^2.24.0",
        "mysql2": "^1.6.4",
        "nodemon": "^1.18.9",
        "ora": "^3.0.0",
        "pg": "^7.8.0",
        "pg-hstore": "^2.3.2",
        "pika": "0.0.1-security",
        "sequelize": "^4.42.0",
        "sqlite3": "^4.0.6",
        "tedious": "^4.1.3",
        "winston": "^3.2.1"
      }
    },
    "dotenv": {
      "version": "6.2.0",
      "resolved": "https://registry.npmjs.org/dotenv/-/dotenv-6.2.0.tgz",
      "integrity": "sha512-HygQCKUBSFl8wKQZBSemMywRWcEDNidvNbjGVyZu3nbZ8qq9ubiPoGLMdRDpfSrpkkm9BXYFkpKxxFX38o/76w=="
    }
  }
}
